
Microsoft Visual Studio Solution File, Format Version 12.00
# Visual Studio Version 16
VisualStudioVersion = 16.0.28922.388
MinimumVisualStudioVersion = 10.0.40219.1
Project("{FAE04EC0-301F-11D3-BF4B-00C04F79EFBC}") = "DatabaseApp", "DatabaseApp.csproj", "{30728CED-026F-470B-849B-1141458781AF}"
EndProject
Project("{FAE04EC0-301F-11D3-BF4B-00C04F79EFBC}") = "DatabaseForFred", "..\DatabaseForFred\DatabaseForFred.csproj", "{7CBF9C4C-04F5-4EA3-93E0-0232075E9245}"
EndProject
Global
	GlobalSection(SolutionConfigurationPlatforms) = preSolution
		Debug|Any CPU = Debug|Any CPU
		Release|Any CPU = Release|Any CPU
	EndGlobalSection
	GlobalSection(ProjectConfigurationPlatforms) = postSolution
		{30728CED-026F-470B-849B-1141458781AF}.Debug|Any CPU.ActiveCfg = Debug|Any CPU
		{30728CED-026F-470B-849B-1141458781AF}.Debug|Any CPU.Build.0 = Debug|Any CPU
		{30728CED-026F-470B-849B-1141458781AF}.Release|Any CPU.ActiveCfg = Release|Any CPU
		{30728CED-026F-470B-849B-1141458781AF}.Release|Any CPU.Build.0 = Release|Any CPU
		{7CBF9C4C-04F5-4EA3-93E0-0232075E9245}.Debug|Any CPU.ActiveCfg = Debug|Any CPU
		{7CBF9C4C-04F5-4EA3-93E0-0232075E9245}.Debug|Any CPU.Build.0 = Debug|Any CPU
		{7CBF9C4C-04F5-4EA3-93E0-0232075E9245}.Release|Any CPU.ActiveCfg = Release|Any CPU
		{7CBF9C4C-04F5-4EA3-93E0-0232075E9245}.Release|Any CPU.Build.0 = Release|Any CPU
	EndGlobalSection
	GlobalSection(SolutionProperties) = preSolution
		HideSolutionNode = FALSE
	EndGlobalSection
	GlobalSection(ExtensibilityGlobals) = postSolution
		SolutionGuid = {33E640A2-073B-40A6-8547-66971486ADD0}
	EndGlobalSection
EndGlobal
